# This file is automatically @generated by Cargo.
# It is not intended for manual editing.
[[package]]
name = "raytracer_plugin_circle"
version = "0.1.0"
dependencies = [
 "raytracer_shared 0.1.0 (git+https://github.com/voelklmichael/Raytracer_Plugin)",
]

[[package]]
name = "raytracer_shared"
version = "0.1.0"
source = "git+https://github.com/voelklmichael/Raytracer_Plugin#e8cb978efac9168ad18410e2efa891defe5eb391"

[metadata]
"checksum raytracer_shared 0.1.0 (git+https://github.com/voelklmichael/Raytracer_Plugin)" = "<none>"
