# This file is automatically @generated by Cargo.
# It is not intended for manual editing.
[[package]]
name = "raytracer_executor"
version = "0.1.0"
dependencies = [
 "raytracer_plugin_circle",
 "raytracer_plugin_line",
 "raytracer_shared",
]

[[package]]
name = "raytracer_plugin_circle"
version = "0.1.0"
source = "git+https://github.com/voelklmichael/Raytracer_Plugin#d6a0b4b8ee6f20f0622d6c9c11cc7809ad95e608"
dependencies = [
 "raytracer_shared",
]

[[package]]
name = "raytracer_plugin_line"
version = "0.1.0"
source = "git+https://github.com/voelklmichael/Raytracer_Plugin#d6a0b4b8ee6f20f0622d6c9c11cc7809ad95e608"
dependencies = [
 "raytracer_shared",
]

[[package]]
name = "raytracer_shared"
version = "0.1.0"
source = "git+https://github.com/voelklmichael/Raytracer_Plugin#d6a0b4b8ee6f20f0622d6c9c11cc7809ad95e608"
