# This file is automatically @generated by Cargo.
# It is not intended for manual editing.
[[package]]
name = "raytracer_executor"
version = "0.1.0"
dependencies = [
 "raytracer_shared",
]

[[package]]
name = "raytracer_shared"
version = "0.1.0"
source = "git+https://github.com/voelklmichael/Raytracer_Plugin#7fb94660eece72ffe5cfe49894eaf01e83a73dba"
